// !$*UTF8*$!
{
	archiveVersion = 1;
	classes = {
	};
	objectVersion = 56;
	objects = {

/* Begin PBXBuildFile section */
		EB4DE37D2A022D7F009D5D04 /* AppDelegate.swift in Sources */ = {isa = PBXBuildFile; fileRef = EB4DE37C2A022D7F009D5D04 /* AppDelegate.swift */; };
		EB4DE37F2A022D7F009D5D04 /* SceneDelegate.swift in Sources */ = {isa = PBXBuildFile; fileRef = EB4DE37E2A022D7F009D5D04 /* SceneDelegate.swift */; };
		EB4DE3812A022D80009D5D04 /* WelcomeViewController.swift in Sources */ = {isa = PBXBuildFile; fileRef = EB4DE3802A022D80009D5D04 /* WelcomeViewController.swift */; };
		EB4DE3862A022D80009D5D04 /* Assets.xcassets in Resources */ = {isa = PBXBuildFile; fileRef = EB4DE3852A022D80009D5D04 /* Assets.xcassets */; };
		EB4DE3892A022D80009D5D04 /* LaunchScreen.storyboard in Resources */ = {isa = PBXBuildFile; fileRef = EB4DE3872A022D80009D5D04 /* LaunchScreen.storyboard */; };
		EB54E4802A022F4800C10FBD /* Const.swift in Sources */ = {isa = PBXBuildFile; fileRef = EB54E47F2A022F4800C10FBD /* Const.swift */; };
		EB54E4822A02344200C10FBD /* RegisterViewConlroller.swift in Sources */ = {isa = PBXBuildFile; fileRef = EB54E4812A02344200C10FBD /* RegisterViewConlroller.swift */; };
		EB54E4842A02455100C10FBD /* LogInViewController.swift in Sources */ = {isa = PBXBuildFile; fileRef = EB54E4832A02455100C10FBD /* LogInViewController.swift */; };
		EB54E4872A02474700C10FBD /* ChatViewController.swift in Sources */ = {isa = PBXBuildFile; fileRef = EB54E4862A02474700C10FBD /* ChatViewController.swift */; };
		EBE8E6DE2A21C6570065F30E /* GoogleService-Info.plist in Resources */ = {isa = PBXBuildFile; fileRef = EBE8E6DD2A21C6570065F30E /* GoogleService-Info.plist */; };
		EBEE38412A03912100339A8F /* Message.swift in Sources */ = {isa = PBXBuildFile; fileRef = EBEE38402A03912100339A8F /* Message.swift */; };
		EBEE38442A039A4C00339A8F /* ChatTableViewCell.swift in Sources */ = {isa = PBXBuildFile; fileRef = EBEE38432A039A4C00339A8F /* ChatTableViewCell.swift */; };
		F51724E01AB71504651501E6 /* Pods_Chat.framework in Frameworks */ = {isa = PBXBuildFile; fileRef = E97D54B0324BB11C4D248DFC /* Pods_Chat.framework */; };
/* End PBXBuildFile section */

/* Begin PBXFileReference section */
		6DE18E008C5F3E400FCA91E2 /* Pods-Chat.debug.xcconfig */ = {isa = PBXFileReference; includeInIndex = 1; lastKnownFileType = text.xcconfig; name = "Pods-Chat.debug.xcconfig"; path = "Target Support Files/Pods-Chat/Pods-Chat.debug.xcconfig"; sourceTree = "<group>"; };
		AC3A5EA036D3BB688E5FC089 /* Pods-Chat.release.xcconfig */ = {isa = PBXFileReference; includeInIndex = 1; lastKnownFileType = text.xcconfig; name = "Pods-Chat.release.xcconfig"; path = "Target Support Files/Pods-Chat/Pods-Chat.release.xcconfig"; sourceTree = "<group>"; };
		E97D54B0324BB11C4D248DFC /* Pods_Chat.framework */ = {isa = PBXFileReference; explicitFileType = wrapper.framework; includeInIndex = 0; path = Pods_Chat.framework; sourceTree = BUILT_PRODUCTS_DIR; };
		EB4DE3792A022D7F009D5D04 /* Chat.app */ = {isa = PBXFileReference; explicitFileType = wrapper.application; includeInIndex = 0; path = Chat.app; sourceTree = BUILT_PRODUCTS_DIR; };
		EB4DE37C2A022D7F009D5D04 /* AppDelegate.swift */ = {isa = PBXFileReference; lastKnownFileType = sourcecode.swift; path = AppDelegate.swift; sourceTree = "<group>"; };
		EB4DE37E2A022D7F009D5D04 /* SceneDelegate.swift */ = {isa = PBXFileReference; lastKnownFileType = sourcecode.swift; path = SceneDelegate.swift; sourceTree = "<group>"; };
		EB4DE3802A022D80009D5D04 /* WelcomeViewController.swift */ = {isa = PBXFileReference; lastKnownFileType = sourcecode.swift; path = WelcomeViewController.swift; sourceTree = "<group>"; };
		EB4DE3852A022D80009D5D04 /* Assets.xcassets */ = {isa = PBXFileReference; lastKnownFileType = folder.assetcatalog; path = Assets.xcassets; sourceTree = "<group>"; };
		EB4DE3882A022D80009D5D04 /* Base */ = {isa = PBXFileReference; lastKnownFileType = file.storyboard; name = Base; path = Base.lproj/LaunchScreen.storyboard; sourceTree = "<group>"; };
		EB4DE38A2A022D80009D5D04 /* Info.plist */ = {isa = PBXFileReference; lastKnownFileType = text.plist.xml; path = Info.plist; sourceTree = "<group>"; };
		EB54E47F2A022F4800C10FBD /* Const.swift */ = {isa = PBXFileReference; lastKnownFileType = sourcecode.swift; path = Const.swift; sourceTree = "<group>"; };
		EB54E4812A02344200C10FBD /* RegisterViewConlroller.swift */ = {isa = PBXFileReference; lastKnownFileType = sourcecode.swift; path = RegisterViewConlroller.swift; sourceTree = "<group>"; };
		EB54E4832A02455100C10FBD /* LogInViewController.swift */ = {isa = PBXFileReference; lastKnownFileType = sourcecode.swift; path = LogInViewController.swift; sourceTree = "<group>"; };
		EB54E4862A02474700C10FBD /* ChatViewController.swift */ = {isa = PBXFileReference; lastKnownFileType = sourcecode.swift; path = ChatViewController.swift; sourceTree = "<group>"; };
		EBE8E6DD2A21C6570065F30E /* GoogleService-Info.plist */ = {isa = PBXFileReference; lastKnownFileType = text.plist; path = "GoogleService-Info.plist"; sourceTree = SOURCE_ROOT; };
		EBEE38402A03912100339A8F /* Message.swift */ = {isa = PBXFileReference; lastKnownFileType = sourcecode.swift; path = Message.swift; sourceTree = "<group>"; };
		EBEE38432A039A4C00339A8F /* ChatTableViewCell.swift */ = {isa = PBXFileReference; lastKnownFileType = sourcecode.swift; path = ChatTableViewCell.swift; sourceTree = "<group>"; };
/* End PBXFileReference section */

/* Begin PBXFrameworksBuildPhase section */
		EB4DE3762A022D7F009D5D04 /* Frameworks */ = {
			isa = PBXFrameworksBuildPhase;
			buildActionMask = 2147483647;
			files = (
				F51724E01AB71504651501E6 /* Pods_Chat.framework in Frameworks */,
			);
			runOnlyForDeploymentPostprocessing = 0;
		};
/* End PBXFrameworksBuildPhase section */

/* Begin PBXGroup section */
		9EDC064AAFCE294C1DF73841 /* Frameworks */ = {
			isa = PBXGroup;
			children = (
				E97D54B0324BB11C4D248DFC /* Pods_Chat.framework */,
			);
			name = Frameworks;
			sourceTree = "<group>";
		};
		D07818ED6CFBF320549072BE /* Pods */ = {
			isa = PBXGroup;
			children = (
				6DE18E008C5F3E400FCA91E2 /* Pods-Chat.debug.xcconfig */,
				AC3A5EA036D3BB688E5FC089 /* Pods-Chat.release.xcconfig */,
			);
			path = Pods;
			sourceTree = "<group>";
		};
		EB4DE3702A022D7F009D5D04 = {
			isa = PBXGroup;
			children = (
				EB4DE37B2A022D7F009D5D04 /* Chat */,
				EB4DE37A2A022D7F009D5D04 /* Products */,
				D07818ED6CFBF320549072BE /* Pods */,
				9EDC064AAFCE294C1DF73841 /* Frameworks */,
			);
			sourceTree = "<group>";
		};
		EB4DE37A2A022D7F009D5D04 /* Products */ = {
			isa = PBXGroup;
			children = (
				EB4DE3792A022D7F009D5D04 /* Chat.app */,
			);
			name = Products;
			sourceTree = "<group>";
		};
		EB4DE37B2A022D7F009D5D04 /* Chat */ = {
			isa = PBXGroup;
			children = (
				EB54E47D2A022DEF00C10FBD /* App */,
				EB54E47E2A022F3400C10FBD /* Constants */,
				EBEE38422A03920B00339A8F /* Model */,
				EB54E4852A02472F00C10FBD /* Controllers */,
				EB4DE3852A022D80009D5D04 /* Assets.xcassets */,
				EB4DE3872A022D80009D5D04 /* LaunchScreen.storyboard */,
				EB4DE38A2A022D80009D5D04 /* Info.plist */,
				EBE8E6DD2A21C6570065F30E /* GoogleService-Info.plist */,
			);
			path = Chat;
			sourceTree = "<group>";
		};
		EB54E47D2A022DEF00C10FBD /* App */ = {
			isa = PBXGroup;
			children = (
				EB4DE37C2A022D7F009D5D04 /* AppDelegate.swift */,
				EB4DE37E2A022D7F009D5D04 /* SceneDelegate.swift */,
			);
			path = App;
			sourceTree = "<group>";
		};
		EB54E47E2A022F3400C10FBD /* Constants */ = {
			isa = PBXGroup;
			children = (
				EB54E47F2A022F4800C10FBD /* Const.swift */,
			);
			path = Constants;
			sourceTree = "<group>";
		};
		EB54E4852A02472F00C10FBD /* Controllers */ = {
			isa = PBXGroup;
			children = (
				EBEE383C2A0390E800339A8F /* WelcomeViewController */,
				EBEE383D2A0390F100339A8F /* RegisterViewConlroller */,
				EBEE383E2A0390F800339A8F /* LogInViewController */,
				EBEE383F2A03910200339A8F /* ChatViewController */,
			);
			path = Controllers;
			sourceTree = "<group>";
		};
		EBEE383C2A0390E800339A8F /* WelcomeViewController */ = {
			isa = PBXGroup;
			children = (
				EB4DE3802A022D80009D5D04 /* WelcomeViewController.swift */,
			);
			path = WelcomeViewController;
			sourceTree = "<group>";
		};
		EBEE383D2A0390F100339A8F /* RegisterViewConlroller */ = {
			isa = PBXGroup;
			children = (
				EB54E4812A02344200C10FBD /* RegisterViewConlroller.swift */,
			);
			path = RegisterViewConlroller;
			sourceTree = "<group>";
		};
		EBEE383E2A0390F800339A8F /* LogInViewController */ = {
			isa = PBXGroup;
			children = (
				EB54E4832A02455100C10FBD /* LogInViewController.swift */,
			);
			path = LogInViewController;
			sourceTree = "<group>";
		};
		EBEE383F2A03910200339A8F /* ChatViewController */ = {
			isa = PBXGroup;
			children = (
				EB54E4862A02474700C10FBD /* ChatViewController.swift */,
				EBEE38432A039A4C00339A8F /* ChatTableViewCell.swift */,
			);
			path = ChatViewController;
			sourceTree = "<group>";
		};
		EBEE38422A03920B00339A8F /* Model */ = {
			isa = PBXGroup;
			children = (
				EBEE38402A03912100339A8F /* Message.swift */,
			);
			path = Model;
			sourceTree = "<group>";
		};
/* End PBXGroup section */

/* Begin PBXNativeTarget section */
		EB4DE3782A022D7F009D5D04 /* Chat */ = {
			isa = PBXNativeTarget;
			buildConfigurationList = EB4DE38D2A022D80009D5D04 /* Build configuration list for PBXNativeTarget "Chat" */;
			buildPhases = (
				DE666875D50038DFA2E1BCE4 /* [CP] Check Pods Manifest.lock */,
				EB4DE3752A022D7F009D5D04 /* Sources */,
				EB4DE3762A022D7F009D5D04 /* Frameworks */,
				EB4DE3772A022D7F009D5D04 /* Resources */,
				7470748EFD05222EC603E42A /* [CP] Embed Pods Frameworks */,
			);
			buildRules = (
			);
			dependencies = (
			);
			name = Chat;
			productName = Chat;
			productReference = EB4DE3792A022D7F009D5D04 /* Chat.app */;
			productType = "com.apple.product-type.application";
		};
/* End PBXNativeTarget section */

/* Begin PBXProject section */
		EB4DE3712A022D7F009D5D04 /* Project object */ = {
			isa = PBXProject;
			attributes = {
				BuildIndependentTargetsInParallel = 1;
				LastSwiftUpdateCheck = 1430;
				LastUpgradeCheck = 1430;
				TargetAttributes = {
					EB4DE3782A022D7F009D5D04 = {
						CreatedOnToolsVersion = 14.3;
					};
				};
			};
			buildConfigurationList = EB4DE3742A022D7F009D5D04 /* Build configuration list for PBXProject "Chat" */;
			compatibilityVersion = "Xcode 14.0";
			developmentRegion = en;
			hasScannedForEncodings = 0;
			knownRegions = (
				en,
				Base,
			);
			mainGroup = EB4DE3702A022D7F009D5D04;
			productRefGroup = EB4DE37A2A022D7F009D5D04 /* Products */;
			projectDirPath = "";
			projectRoot = "";
			targets = (
				EB4DE3782A022D7F009D5D04 /* Chat */,
			);
		};
/* End PBXProject section */

/* Begin PBXResourcesBuildPhase section */
		EB4DE3772A022D7F009D5D04 /* Resources */ = {
			isa = PBXResourcesBuildPhase;
			buildActionMask = 2147483647;
			files = (
				EB4DE3892A022D80009D5D04 /* LaunchScreen.storyboard in Resources */,
				EBE8E6DE2A21C6570065F30E /* GoogleService-Info.plist in Resources */,
				EB4DE3862A022D80009D5D04 /* Assets.xcassets in Resources */,
			);
			runOnlyForDeploymentPostprocessing = 0;
		};
/* End PBXResourcesBuildPhase section */

/* Begin PBXShellScriptBuildPhase section */
		7470748EFD05222EC603E42A /* [CP] Embed Pods Frameworks */ = {
			isa = PBXShellScriptBuildPhase;
			buildActionMask = 2147483647;
			files = (
			);
			inputFileListPaths = (
				"${PODS_ROOT}/Target Support Files/Pods-Chat/Pods-Chat-frameworks-${CONFIGURATION}-input-files.xcfilelist",
			);
			name = "[CP] Embed Pods Frameworks";
			outputFileListPaths = (
				"${PODS_ROOT}/Target Support Files/Pods-Chat/Pods-Chat-frameworks-${CONFIGURATION}-output-files.xcfilelist",
			);
			runOnlyForDeploymentPostprocessing = 0;
			shellPath = /bin/sh;
			shellScript = "\"${PODS_ROOT}/Target Support Files/Pods-Chat/Pods-Chat-frameworks.sh\"\n";
			showEnvVarsInLog = 0;
		};
		DE666875D50038DFA2E1BCE4 /* [CP] Check Pods Manifest.lock */ = {
			isa = PBXShellScriptBuildPhase;
			buildActionMask = 2147483647;
			files = (
			);
			inputFileListPaths = (
			);
			inputPaths = (
				"${PODS_PODFILE_DIR_PATH}/Podfile.lock",
				"${PODS_ROOT}/Manifest.lock",
			);
			name = "[CP] Check Pods Manifest.lock";
			outputFileListPaths = (
			);
			outputPaths = (
				"$(DERIVED_FILE_DIR)/Pods-Chat-checkManifestLockResult.txt",
			);
			runOnlyForDeploymentPostprocessing = 0;
			shellPath = /bin/sh;
			shellScript = "diff \"${PODS_PODFILE_DIR_PATH}/Podfile.lock\" \"${PODS_ROOT}/Manifest.lock\" > /dev/null\nif [ $? != 0 ] ; then\n    # print error to STDERR\n    echo \"error: The sandbox is not in sync with the Podfile.lock. Run 'pod install' or update your CocoaPods installation.\" >&2\n    exit 1\nfi\n# This output is used by Xcode 'outputs' to avoid re-running this script phase.\necho \"SUCCESS\" > \"${SCRIPT_OUTPUT_FILE_0}\"\n";
			showEnvVarsInLog = 0;
		};
/* End PBXShellScriptBuildPhase section */

/* Begin PBXSourcesBuildPhase section */
		EB4DE3752A022D7F009D5D04 /* Sources */ = {
			isa = PBXSourcesBuildPhase;
			buildActionMask = 2147483647;
			files = (
				EB54E4822A02344200C10FBD /* RegisterViewConlroller.swift in Sources */,
				EBEE38412A03912100339A8F /* Message.swift in Sources */,
				EB4DE3812A022D80009D5D04 /* WelcomeViewController.swift in Sources */,
				EBEE38442A039A4C00339A8F /* ChatTableViewCell.swift in Sources */,
				EB54E4842A02455100C10FBD /* LogInViewController.swift in Sources */,
				EB54E4872A02474700C10FBD /* ChatViewController.swift in Sources */,
				EB4DE37D2A022D7F009D5D04 /* AppDelegate.swift in Sources */,
				EB4DE37F2A022D7F009D5D04 /* SceneDelegate.swift in Sources */,
				EB54E4802A022F4800C10FBD /* Const.swift in Sources */,
			);
			runOnlyForDeploymentPostprocessing = 0;
		};
/* End PBXSourcesBuildPhase section */

/* Begin PBXVariantGroup section */
		EB4DE3872A022D80009D5D04 /* LaunchScreen.storyboard */ = {
			isa = PBXVariantGroup;
			children = (
				EB4DE3882A022D80009D5D04 /* Base */,
			);
			name = LaunchScreen.storyboard;
			sourceTree = "<group>";
		};
/* End PBXVariantGroup section */

/* Begin XCBuildConfiguration section */
		EB4DE38B2A022D80009D5D04 /* Debug */ = {
			isa = XCBuildConfiguration;
			buildSettings = {
				ALWAYS_SEARCH_USER_PATHS = NO;
				CLANG_ANALYZER_NONNULL = YES;
				CLANG_ANALYZER_NUMBER_OBJECT_CONVERSION = YES_AGGRESSIVE;
				CLANG_CXX_LANGUAGE_STANDARD = "gnu++20";
				CLANG_ENABLE_MODULES = YES;
				CLANG_ENABLE_OBJC_ARC = YES;
				CLANG_ENABLE_OBJC_WEAK = YES;
				CLANG_WARN_BLOCK_CAPTURE_AUTORELEASING = YES;
				CLANG_WARN_BOOL_CONVERSION = YES;
				CLANG_WARN_COMMA = YES;
				CLANG_WARN_CONSTANT_CONVERSION = YES;
				CLANG_WARN_DEPRECATED_OBJC_IMPLEMENTATIONS = YES;
				CLANG_WARN_DIRECT_OBJC_ISA_USAGE = YES_ERROR;
				CLANG_WARN_DOCUMENTATION_COMMENTS = YES;
				CLANG_WARN_EMPTY_BODY = YES;
				CLANG_WARN_ENUM_CONVERSION = YES;
				CLANG_WARN_INFINITE_RECURSION = YES;
				CLANG_WARN_INT_CONVERSION = YES;
				CLANG_WARN_NON_LITERAL_NULL_CONVERSION = YES;
				CLANG_WARN_OBJC_IMPLICIT_RETAIN_SELF = YES;
				CLANG_WARN_OBJC_LITERAL_CONVERSION = YES;
				CLANG_WARN_OBJC_ROOT_CLASS = YES_ERROR;
				CLANG_WARN_QUOTED_INCLUDE_IN_FRAMEWORK_HEADER = YES;
				CLANG_WARN_RANGE_LOOP_ANALYSIS = YES;
				CLANG_WARN_STRICT_PROTOTYPES = YES;
				CLANG_WARN_SUSPICIOUS_MOVE = YES;
				CLANG_WARN_UNGUARDED_AVAILABILITY = YES_AGGRESSIVE;
				CLANG_WARN_UNREACHABLE_CODE = YES;
				CLANG_WARN__DUPLICATE_METHOD_MATCH = YES;
				COPY_PHASE_STRIP = NO;
				DEBUG_INFORMATION_FORMAT = dwarf;
				ENABLE_STRICT_OBJC_MSGSEND = YES;
				ENABLE_TESTABILITY = YES;
				GCC_C_LANGUAGE_STANDARD = gnu11;
				GCC_DYNAMIC_NO_PIC = NO;
				GCC_NO_COMMON_BLOCKS = YES;
				GCC_OPTIMIZATION_LEVEL = 0;
				GCC_PREPROCESSOR_DEFINITIONS = (
					"DEBUG=1",
					"$(inherited)",
				);
				GCC_WARN_64_TO_32_BIT_CONVERSION = YES;
				GCC_WARN_ABOUT_RETURN_TYPE = YES_ERROR;
				GCC_WARN_UNDECLARED_SELECTOR = YES;
				GCC_WARN_UNINITIALIZED_AUTOS = YES_AGGRESSIVE;
				GCC_WARN_UNUSED_FUNCTION = YES;
				GCC_WARN_UNUSED_VARIABLE = YES;
				IPHONEOS_DEPLOYMENT_TARGET = 15.0;
				MTL_ENABLE_DEBUG_INFO = INCLUDE_SOURCE;
				MTL_FAST_MATH = YES;
				ONLY_ACTIVE_ARCH = YES;
				SDKROOT = iphoneos;
				SWIFT_ACTIVE_COMPILATION_CONDITIONS = DEBUG;
				SWIFT_OPTIMIZATION_LEVEL = "-Onone";
			};
			name = Debug;
		};
		EB4DE38C2A022D80009D5D04 /* Release */ = {
			isa = XCBuildConfiguration;
			buildSettings = {
				ALWAYS_SEARCH_USER_PATHS = NO;
				CLANG_ANALYZER_NONNULL = YES;
				CLANG_ANALYZER_NUMBER_OBJECT_CONVERSION = YES_AGGRESSIVE;
				CLANG_CXX_LANGUAGE_STANDARD = "gnu++20";
				CLANG_ENABLE_MODULES = YES;
				CLANG_ENABLE_OBJC_ARC = YES;
				CLANG_ENABLE_OBJC_WEAK = YES;
				CLANG_WARN_BLOCK_CAPTURE_AUTORELEASING = YES;
				CLANG_WARN_BOOL_CONVERSION = YES;
				CLANG_WARN_COMMA = YES;
				CLANG_WARN_CONSTANT_CONVERSION = YES;
				CLANG_WARN_DEPRECATED_OBJC_IMPLEMENTATIONS = YES;
				CLANG_WARN_DIRECT_OBJC_ISA_USAGE = YES_ERROR;
				CLANG_WARN_DOCUMENTATION_COMMENTS = YES;
				CLANG_WARN_EMPTY_BODY = YES;
				CLANG_WARN_ENUM_CONVERSION = YES;
				CLANG_WARN_INFINITE_RECURSION = YES;
				CLANG_WARN_INT_CONVERSION = YES;
				CLANG_WARN_NON_LITERAL_NULL_CONVERSION = YES;
				CLANG_WARN_OBJC_IMPLICIT_RETAIN_SELF = YES;
				CLANG_WARN_OBJC_LITERAL_CONVERSION = YES;
				CLANG_WARN_OBJC_ROOT_CLASS = YES_ERROR;
				CLANG_WARN_QUOTED_INCLUDE_IN_FRAMEWORK_HEADER = YES;
				CLANG_WARN_RANGE_LOOP_ANALYSIS = YES;
				CLANG_WARN_STRICT_PROTOTYPES = YES;
				CLANG_WARN_SUSPICIOUS_MOVE = YES;
				CLANG_WARN_UNGUARDED_AVAILABILITY = YES_AGGRESSIVE;
				CLANG_WARN_UNREACHABLE_CODE = YES;
				CLANG_WARN__DUPLICATE_METHOD_MATCH = YES;
				COPY_PHASE_STRIP = NO;
				DEBUG_INFORMATION_FORMAT = "dwarf-with-dsym";
				ENABLE_NS_ASSERTIONS = NO;
				ENABLE_STRICT_OBJC_MSGSEND = YES;
				GCC_C_LANGUAGE_STANDARD = gnu11;
				GCC_NO_COMMON_BLOCKS = YES;
				GCC_WARN_64_TO_32_BIT_CONVERSION = YES;
				GCC_WARN_ABOUT_RETURN_TYPE = YES_ERROR;
				GCC_WARN_UNDECLARED_SELECTOR = YES;
				GCC_WARN_UNINITIALIZED_AUTOS = YES_AGGRESSIVE;
				GCC_WARN_UNUSED_FUNCTION = YES;
				GCC_WARN_UNUSED_VARIABLE = YES;
				IPHONEOS_DEPLOYMENT_TARGET = 15.0;
				MTL_ENABLE_DEBUG_INFO = NO;
				MTL_FAST_MATH = YES;
				SDKROOT = iphoneos;
				SWIFT_COMPILATION_MODE = wholemodule;
				SWIFT_OPTIMIZATION_LEVEL = "-O";
				VALIDATE_PRODUCT = YES;
			};
			name = Release;
		};
		EB4DE38E2A022D80009D5D04 /* Debug */ = {
			isa = XCBuildConfiguration;
			baseConfigurationReference = 6DE18E008C5F3E400FCA91E2 /* Pods-Chat.debug.xcconfig */;
			buildSettings = {
				ASSETCATALOG_COMPILER_APPICON_NAME = AppIcon;
				ASSETCATALOG_COMPILER_GLOBAL_ACCENT_COLOR_NAME = AccentColor;
				CODE_SIGN_STYLE = Automatic;
				CURRENT_PROJECT_VERSION = 1;
				DEVELOPMENT_TEAM = 9444ZC259H;
				GENERATE_INFOPLIST_FILE = YES;
				INFOPLIST_FILE = Chat/Info.plist;
				INFOPLIST_KEY_UIApplicationSupportsIndirectInputEvents = YES;
				INFOPLIST_KEY_UILaunchStoryboardName = LaunchScreen;
				INFOPLIST_KEY_UISupportedInterfaceOrientations_iPad = "UIInterfaceOrientationPortrait UIInterfaceOrientationPortraitUpsideDown UIInterfaceOrientationLandscapeLeft UIInterfaceOrientationLandscapeRight";
				INFOPLIST_KEY_UISupportedInterfaceOrientations_iPhone = "UIInterfaceOrientationPortrait UIInterfaceOrientationLandscapeLeft UIInterfaceOrientationLandscapeRight";
				LD_RUNPATH_SEARCH_PATHS = (
					"$(inherited)",
					"@executable_path/Frameworks",
				);
				MARKETING_VERSION = 1.0;
				PRODUCT_BUNDLE_IDENTIFIER = myself.Chat;
				PRODUCT_NAME = "$(TARGET_NAME)";
				SWIFT_EMIT_LOC_STRINGS = YES;
				SWIFT_VERSION = 5.0;
				TARGETED_DEVICE_FAMILY = "1,2";
			};
			name = Debug;
		};
		EB4DE38F2A022D80009D5D04 /* Release */ = {
			isa = XCBuildConfiguration;
			baseConfigurationReference = AC3A5EA036D3BB688E5FC089 /* Pods-Chat.release.xcconfig */;
			buildSettings = {
				ASSETCATALOG_COMPILER_APPICON_NAME = AppIcon;
				ASSETCATALOG_COMPILER_GLOBAL_ACCENT_COLOR_NAME = AccentColor;
				CODE_SIGN_STYLE = Automatic;
				CURRENT_PROJECT_VERSION = 1;
				DEVELOPMENT_TEAM = 9444ZC259H;
				GENERATE_INFOPLIST_FILE = YES;
				INFOPLIST_FILE = Chat/Info.plist;
				INFOPLIST_KEY_UIApplicationSupportsIndirectInputEvents = YES;
				INFOPLIST_KEY_UILaunchStoryboardName = LaunchScreen;
				INFOPLIST_KEY_UISupportedInterfaceOrientations_iPad = "UIInterfaceOrientationPortrait UIInterfaceOrientationPortraitUpsideDown UIInterfaceOrientationLandscapeLeft UIInterfaceOrientationLandscapeRight";
				INFOPLIST_KEY_UISupportedInterfaceOrientations_iPhone = "UIInterfaceOrientationPortrait UIInterfaceOrientationLandscapeLeft UIInterfaceOrientationLandscapeRight";
				LD_RUNPATH_SEARCH_PATHS = (
					"$(inherited)",
					"@executable_path/Frameworks",
				);
				MARKETING_VERSION = 1.0;
				PRODUCT_BUNDLE_IDENTIFIER = myself.Chat;
				PRODUCT_NAME = "$(TARGET_NAME)";
				SWIFT_EMIT_LOC_STRINGS = YES;
				SWIFT_VERSION = 5.0;
				TARGETED_DEVICE_FAMILY = "1,2";
			};
			name = Release;
		};
/* End XCBuildConfiguration section */

/* Begin XCConfigurationList section */
		EB4DE3742A022D7F009D5D04 /* Build configuration list for PBXProject "Chat" */ = {
			isa = XCConfigurationList;
			buildConfigurations = (
				EB4DE38B2A022D80009D5D04 /* Debug */,
				EB4DE38C2A022D80009D5D04 /* Release */,
			);
			defaultConfigurationIsVisible = 0;
			defaultConfigurationName = Release;
		};
		EB4DE38D2A022D80009D5D04 /* Build configuration list for PBXNativeTarget "Chat" */ = {
			isa = XCConfigurationList;
			buildConfigurations = (
				EB4DE38E2A022D80009D5D04 /* Debug */,
				EB4DE38F2A022D80009D5D04 /* Release */,
			);
			defaultConfigurationIsVisible = 0;
			defaultConfigurationName = Release;
		};
/* End XCConfigurationList section */
	};
	rootObject = EB4DE3712A022D7F009D5D04 /* Project object */;
}
